{
    "_readme": [
        "This file locks the dependencies of your project to a known state",
        "Read more about it at https://getcomposer.org/doc/01-basic-usage.md#composer-lock-the-lock-file",
        "This file is @generated automatically"
    ],
    "hash": "5656ba81dc23a0d45cbb0a0b7ff405d8",
    "packages": [
        {
            "name": "illuminate/support",
            "version": "v4.2.17",
            "target-dir": "Illuminate/Support",
            "source": {
                "type": "git",
                "url": "https://github.com/illuminate/support.git",
                "reference": "db61f3f6d507ce417ca993e1f93585db7efd8b12"
            },
            "dist": {
                "type": "zip",
                "url": "https://api.github.com/repos/illuminate/support/zipball/db61f3f6d507ce417ca993e1f93585db7efd8b12",
                "reference": "db61f3f6d507ce417ca993e1f93585db7efd8b12",
                "shasum": ""
            },
            "require": {
                "php": ">=5.4.0"
            },
            "require-dev": {
                "jeremeamia/superclosure": "~1.0.1",
                "patchwork/utf8": "~1.1"
            },
            "type": "library",
            "extra": {
                "branch-alias": {
                    "dev-master": "4.2-dev"
                }
            },
            "autoload": {
                "psr-0": {
                    "Illuminate\\Support": ""
                },
                "files": [
                    "Illuminate/Support/helpers.php"
                ]
            },
            "notification-url": "https://packagist.org/downloads/",
            "license": [
                "MIT"
            ],
            "authors": [
                {
                    "name": "Taylor Otwell",
                    "email": "taylorotwell@gmail.com"
                }
            ],
            "time": "2015-01-27 20:51:43"
        },
        {
            "name": "openlss/lib-array2xml",
            "version": "dev-master",
            "source": {
                "type": "git",
                "url": "https://github.com/openlss/lib-array2xml.git",
                "reference": "f6686668959a342ec326c5ad82ac557d767f34ef"
            },
            "dist": {
                "type": "zip",
                "url": "https://api.github.com/repos/openlss/lib-array2xml/zipball/f6686668959a342ec326c5ad82ac557d767f34ef",
                "reference": "f6686668959a342ec326c5ad82ac557d767f34ef",
                "shasum": ""
            },
            "require": {
                "php": ">=5.3.2"
            },
            "type": "library",
            "autoload": {
                "psr-0": {
                    "LSS": ""
                }
            },
            "notification-url": "https://packagist.org/downloads/",
            "license": [
                "Apache-2.0"
            ],
            "authors": [
                {
                    "name": "Bryan Tong",
                    "email": "contact@nullivex.com",
                    "homepage": "http://bryantong.com"
                },
                {
                    "name": "Tony Butler",
                    "email": "spudz76@gmail.com",
                    "homepage": "http://openlss.org"
                }
            ],
            "description": "Array2XML conversion library credit to lalit.org",
            "homepage": "http://openlss.org",
            "keywords": [
                "array",
                "array conversion",
                "xml",
                "xml conversion"
            ],
            "time": "2015-09-16 18:59:23"
        },
        {
            "name": "themattharris/tmhoauth",
            "version": "0.8.4",
            "source": {
                "type": "git",
                "url": "https://github.com/themattharris/tmhOAuth.git",
                "reference": "455552d6c57549632644b6c9ac9204766be2b5ee"
            },
            "dist": {
                "type": "zip",
                "url": "https://api.github.com/repos/themattharris/tmhOAuth/zipball/455552d6c57549632644b6c9ac9204766be2b5ee",
                "reference": "455552d6c57549632644b6c9ac9204766be2b5ee",
                "shasum": ""
            },
            "require": {
                "ext-curl": "*",
                "php": ">=5.3.0"
            },
            "type": "library",
            "autoload": {
                "psr-0": {
                    "tmhOAuth": ""
                }
            },
            "notification-url": "https://packagist.org/downloads/",
            "license": [
                "Apache-2.0"
            ],
            "authors": [
                {
                    "name": "themattharris",
                    "email": "matt@themattharris.com",
                    "role": "Developer"
                }
            ],
            "description": "An OAuth library written in PHP by @themattharris",
            "keywords": [
                "oauth",
                "twitter"
            ],
            "time": "2014-08-06 22:29:35"
        },
        {
            "name": "thujohn/twitter",
            "version": "1.2.0",
            "source": {
                "type": "git",
                "url": "https://github.com/thujohn/twitter.git",
                "reference": "28fc09dcc8ef259cf4a22f6c2e779561077969f4"
            },
            "dist": {
                "type": "zip",
                "url": "https://api.github.com/repos/thujohn/twitter/zipball/28fc09dcc8ef259cf4a22f6c2e779561077969f4",
                "reference": "28fc09dcc8ef259cf4a22f6c2e779561077969f4",
                "shasum": ""
            },
            "require": {
                "illuminate/support": "4.x",
                "php": ">=5.3.0",
                "themattharris/tmhoauth": "~0.8.3"
            },
            "type": "library",
            "autoload": {
                "psr-0": {
                    "Thujohn\\Twitter": "src/"
                }
            },
            "notification-url": "https://packagist.org/downloads/",
            "license": [
                "MIT"
            ],
            "authors": [
                {
                    "name": "thujohn",
                    "email": "jonathan.thuau@gmail.com"
                }
            ],
            "description": "Twitter API for Laravel 4",
            "keywords": [
                "laravel",
                "laravel4",
                "twitter"
            ],
            "time": "2014-07-30 21:09:30"
        }
    ],
    "packages-dev": [],
    "aliases": [],
    "minimum-stability": "stable",
    "stability-flags": {
        "openlss/lib-array2xml": 20
    },
    "prefer-stable": false,
    "prefer-lowest": false,
    "platform": [],
    "platform-dev": []
}
